
Microsoft Visual Studio Solution File, Format Version 12.00
# Visual Studio 15
VisualStudioVersion = 15.0.27703.2042
MinimumVisualStudioVersion = 10.0.40219.1
Project("{FAE04EC0-301F-11D3-BF4B-00C04F79EFBC}") = "iMusic", "iMusic\iMusic.csproj", "{A94801BD-FDAF-4E3F-97BB-38ACBCEA0ABC}"
EndProject
Global
	GlobalSection(SolutionConfigurationPlatforms) = preSolution
		Debug|Any CPU = Debug|Any CPU
		Release|Any CPU = Release|Any CPU
	EndGlobalSection
	GlobalSection(ProjectConfigurationPlatforms) = postSolution
		{A94801BD-FDAF-4E3F-97BB-38ACBCEA0ABC}.Debug|Any CPU.ActiveCfg = Debug|Any CPU
		{A94801BD-FDAF-4E3F-97BB-38ACBCEA0ABC}.Debug|Any CPU.Build.0 = Debug|Any CPU
		{A94801BD-FDAF-4E3F-97BB-38ACBCEA0ABC}.Release|Any CPU.ActiveCfg = Release|Any CPU
		{A94801BD-FDAF-4E3F-97BB-38ACBCEA0ABC}.Release|Any CPU.Build.0 = Release|Any CPU
	EndGlobalSection
	GlobalSection(SolutionProperties) = preSolution
		HideSolutionNode = FALSE
	EndGlobalSection
	GlobalSection(ExtensibilityGlobals) = postSolution
		SolutionGuid = {50E23B12-A006-4236-BF2F-2D035085DB1F}
	EndGlobalSection
EndGlobal
